// !$*UTF8*$!
{
	archiveVersion = 1;
	classes = {
	};
	objectVersion = 48;
	objects = {

/* Begin PBXBuildFile section */
		4C27E4191FC83D1600A84076 /* main.cpp in Sources */ = {isa = PBXBuildFile; fileRef = 4C27E4181FC83D1600A84076 /* main.cpp */; };
		4C27E4211FC83DEB00A84076 /* OpenCL.framework in Frameworks */ = {isa = PBXBuildFile; fileRef = 4C27E4201FC83DE000A84076 /* OpenCL.framework */; };
		4CEB22B41FD6E0A400FD5B69 /* Board.cpp in Sources */ = {isa = PBXBuildFile; fileRef = 4CEB22B21FD6E0A400FD5B69 /* Board.cpp */; };
		4CEB22BC1FD6F0AF00FD5B69 /* GameOfLifeTests.mm in Sources */ = {isa = PBXBuildFile; fileRef = 4CEB22BB1FD6F0AF00FD5B69 /* GameOfLifeTests.mm */; };
		4CEB22C11FD6F0B500FD5B69 /* Board.cpp in Sources */ = {isa = PBXBuildFile; fileRef = 4CEB22B21FD6E0A400FD5B69 /* Board.cpp */; };
/* End PBXBuildFile section */

/* Begin PBXCopyFilesBuildPhase section */
		4C27E4131FC83D1600A84076 /* CopyFiles */ = {
			isa = PBXCopyFilesBuildPhase;
			buildActionMask = 2147483647;
			dstPath = /usr/share/man/man1/;
			dstSubfolderSpec = 0;
			files = (
			);
			runOnlyForDeploymentPostprocessing = 1;
		};
/* End PBXCopyFilesBuildPhase section */

/* Begin PBXFileReference section */
		4C27E4151FC83D1600A84076 /* GameOfLife */ = {isa = PBXFileReference; explicitFileType = "compiled.mach-o.executable"; includeInIndex = 0; path = GameOfLife; sourceTree = BUILT_PRODUCTS_DIR; };
		4C27E4181FC83D1600A84076 /* main.cpp */ = {isa = PBXFileReference; lastKnownFileType = sourcecode.cpp.cpp; path = main.cpp; sourceTree = "<group>"; };
		4C27E4201FC83DE000A84076 /* OpenCL.framework */ = {isa = PBXFileReference; lastKnownFileType = wrapper.framework; name = OpenCL.framework; path = System/Library/Frameworks/OpenCL.framework; sourceTree = SDKROOT; };
		4CEB22B21FD6E0A400FD5B69 /* Board.cpp */ = {isa = PBXFileReference; lastKnownFileType = sourcecode.cpp.cpp; path = Board.cpp; sourceTree = "<group>"; };
		4CEB22B31FD6E0A400FD5B69 /* Board.h */ = {isa = PBXFileReference; lastKnownFileType = sourcecode.c.h; path = Board.h; sourceTree = "<group>"; };
		4CEB22B91FD6F0AF00FD5B69 /* GameOfLifeTests.xctest */ = {isa = PBXFileReference; explicitFileType = wrapper.cfbundle; includeInIndex = 0; path = GameOfLifeTests.xctest; sourceTree = BUILT_PRODUCTS_DIR; };
		4CEB22BB1FD6F0AF00FD5B69 /* GameOfLifeTests.mm */ = {isa = PBXFileReference; lastKnownFileType = sourcecode.cpp.objcpp; path = GameOfLifeTests.mm; sourceTree = "<group>"; };
		4CEB22BD1FD6F0AF00FD5B69 /* Info.plist */ = {isa = PBXFileReference; lastKnownFileType = text.plist.xml; path = Info.plist; sourceTree = "<group>"; };
		4CFC49C31FD7F86B000E15B7 /* gol-config.h */ = {isa = PBXFileReference; fileEncoding = 4; lastKnownFileType = sourcecode.c.h; path = "gol-config.h"; sourceTree = "<group>"; };
/* End PBXFileReference section */

/* Begin PBXFrameworksBuildPhase section */
		4C27E4121FC83D1600A84076 /* Frameworks */ = {
			isa = PBXFrameworksBuildPhase;
			buildActionMask = 2147483647;
			files = (
				4C27E4211FC83DEB00A84076 /* OpenCL.framework in Frameworks */,
			);
			runOnlyForDeploymentPostprocessing = 0;
		};
		4CEB22B61FD6F0AF00FD5B69 /* Frameworks */ = {
			isa = PBXFrameworksBuildPhase;
			buildActionMask = 2147483647;
			files = (
			);
			runOnlyForDeploymentPostprocessing = 0;
		};
/* End PBXFrameworksBuildPhase section */

/* Begin PBXGroup section */
		4C27E40C1FC83D1600A84076 = {
			isa = PBXGroup;
			children = (
				4C27E4171FC83D1600A84076 /* GameOfLife */,
				4CEB22BA1FD6F0AF00FD5B69 /* GameOfLifeTests */,
				4C27E4161FC83D1600A84076 /* Products */,
				4C27E41F1FC83DE000A84076 /* Frameworks */,
			);
			sourceTree = "<group>";
		};
		4C27E4161FC83D1600A84076 /* Products */ = {
			isa = PBXGroup;
			children = (
				4C27E4151FC83D1600A84076 /* GameOfLife */,
				4CEB22B91FD6F0AF00FD5B69 /* GameOfLifeTests.xctest */,
			);
			name = Products;
			sourceTree = "<group>";
		};
		4C27E4171FC83D1600A84076 /* GameOfLife */ = {
			isa = PBXGroup;
			children = (
				4CEB22B21FD6E0A400FD5B69 /* Board.cpp */,
				4CEB22B31FD6E0A400FD5B69 /* Board.h */,
				4CFC49C31FD7F86B000E15B7 /* gol-config.h */,
				4C27E4181FC83D1600A84076 /* main.cpp */,
			);
			path = GameOfLife;
			sourceTree = "<group>";
		};
		4C27E41F1FC83DE000A84076 /* Frameworks */ = {
			isa = PBXGroup;
			children = (
				4C27E4201FC83DE000A84076 /* OpenCL.framework */,
			);
			name = Frameworks;
			sourceTree = "<group>";
		};
		4CEB22BA1FD6F0AF00FD5B69 /* GameOfLifeTests */ = {
			isa = PBXGroup;
			children = (
				4CEB22BB1FD6F0AF00FD5B69 /* GameOfLifeTests.mm */,
				4CEB22BD1FD6F0AF00FD5B69 /* Info.plist */,
			);
			path = GameOfLifeTests;
			sourceTree = "<group>";
		};
/* End PBXGroup section */

/* Begin PBXNativeTarget section */
		4C27E4141FC83D1600A84076 /* GameOfLife */ = {
			isa = PBXNativeTarget;
			buildConfigurationList = 4C27E41C1FC83D1600A84076 /* Build configuration list for PBXNativeTarget "GameOfLife" */;
			buildPhases = (
				4C27E4111FC83D1600A84076 /* Sources */,
				4C27E4121FC83D1600A84076 /* Frameworks */,
				4C27E4131FC83D1600A84076 /* CopyFiles */,
			);
			buildRules = (
			);
			dependencies = (
			);
			name = GameOfLife;
			productName = GameOfLife;
			productReference = 4C27E4151FC83D1600A84076 /* GameOfLife */;
			productType = "com.apple.product-type.tool";
		};
		4CEB22B81FD6F0AF00FD5B69 /* GameOfLifeTests */ = {
			isa = PBXNativeTarget;
			buildConfigurationList = 4CEB22BE1FD6F0AF00FD5B69 /* Build configuration list for PBXNativeTarget "GameOfLifeTests" */;
			buildPhases = (
				4CEB22B51FD6F0AF00FD5B69 /* Sources */,
				4CEB22B61FD6F0AF00FD5B69 /* Frameworks */,
				4CEB22B71FD6F0AF00FD5B69 /* Resources */,
			);
			buildRules = (
			);
			dependencies = (
			);
			name = GameOfLifeTests;
			productName = GameOfLifeTests;
			productReference = 4CEB22B91FD6F0AF00FD5B69 /* GameOfLifeTests.xctest */;
			productType = "com.apple.product-type.bundle.unit-test";
		};
/* End PBXNativeTarget section */

/* Begin PBXProject section */
		4C27E40D1FC83D1600A84076 /* Project object */ = {
			isa = PBXProject;
			attributes = {
				LastUpgradeCheck = 0910;
				ORGANIZATIONNAME = "Michael Peternell";
				TargetAttributes = {
					4C27E4141FC83D1600A84076 = {
						CreatedOnToolsVersion = 9.1;
						ProvisioningStyle = Automatic;
					};
					4CEB22B81FD6F0AF00FD5B69 = {
						CreatedOnToolsVersion = 9.1;
						ProvisioningStyle = Automatic;
					};
				};
			};
			buildConfigurationList = 4C27E4101FC83D1600A84076 /* Build configuration list for PBXProject "GameOfLife" */;
			compatibilityVersion = "Xcode 8.0";
			developmentRegion = en;
			hasScannedForEncodings = 0;
			knownRegions = (
				en,
			);
			mainGroup = 4C27E40C1FC83D1600A84076;
			productRefGroup = 4C27E4161FC83D1600A84076 /* Products */;
			projectDirPath = "";
			projectRoot = "";
			targets = (
				4C27E4141FC83D1600A84076 /* GameOfLife */,
				4CEB22B81FD6F0AF00FD5B69 /* GameOfLifeTests */,
			);
		};
/* End PBXProject section */

/* Begin PBXResourcesBuildPhase section */
		4CEB22B71FD6F0AF00FD5B69 /* Resources */ = {
			isa = PBXResourcesBuildPhase;
			buildActionMask = 2147483647;
			files = (
			);
			runOnlyForDeploymentPostprocessing = 0;
		};
/* End PBXResourcesBuildPhase section */

/* Begin PBXSourcesBuildPhase section */
		4C27E4111FC83D1600A84076 /* Sources */ = {
			isa = PBXSourcesBuildPhase;
			buildActionMask = 2147483647;
			files = (
				4CEB22B41FD6E0A400FD5B69 /* Board.cpp in Sources */,
				4C27E4191FC83D1600A84076 /* main.cpp in Sources */,
			);
			runOnlyForDeploymentPostprocessing = 0;
		};
		4CEB22B51FD6F0AF00FD5B69 /* Sources */ = {
			isa = PBXSourcesBuildPhase;
			buildActionMask = 2147483647;
			files = (
				4CEB22C11FD6F0B500FD5B69 /* Board.cpp in Sources */,
				4CEB22BC1FD6F0AF00FD5B69 /* GameOfLifeTests.mm in Sources */,
			);
			runOnlyForDeploymentPostprocessing = 0;
		};
/* End PBXSourcesBuildPhase section */

/* Begin XCBuildConfiguration section */
		4C27E41A1FC83D1600A84076 /* Debug */ = {
			isa = XCBuildConfiguration;
			buildSettings = {
				ALWAYS_SEARCH_USER_PATHS = NO;
				CLANG_ANALYZER_NONNULL = YES;
				CLANG_ANALYZER_NUMBER_OBJECT_CONVERSION = YES_AGGRESSIVE;
				CLANG_CXX_LANGUAGE_STANDARD = "gnu++14";
				CLANG_CXX_LIBRARY = "libc++";
				CLANG_ENABLE_MODULES = YES;
				CLANG_ENABLE_OBJC_ARC = YES;
				CLANG_WARN_BLOCK_CAPTURE_AUTORELEASING = YES;
				CLANG_WARN_BOOL_CONVERSION = YES;
				CLANG_WARN_COMMA = YES;
				CLANG_WARN_CONSTANT_CONVERSION = YES;
				CLANG_WARN_DIRECT_OBJC_ISA_USAGE = YES_ERROR;
				CLANG_WARN_DOCUMENTATION_COMMENTS = YES;
				CLANG_WARN_EMPTY_BODY = YES;
				CLANG_WARN_ENUM_CONVERSION = YES;
				CLANG_WARN_INFINITE_RECURSION = YES;
				CLANG_WARN_INT_CONVERSION = YES;
				CLANG_WARN_NON_LITERAL_NULL_CONVERSION = YES;
				CLANG_WARN_OBJC_LITERAL_CONVERSION = YES;
				CLANG_WARN_OBJC_ROOT_CLASS = YES_ERROR;
				CLANG_WARN_RANGE_LOOP_ANALYSIS = YES;
				CLANG_WARN_STRICT_PROTOTYPES = YES;
				CLANG_WARN_SUSPICIOUS_MOVE = YES;
				CLANG_WARN_UNGUARDED_AVAILABILITY = YES_AGGRESSIVE;
				CLANG_WARN_UNREACHABLE_CODE = YES;
				CLANG_WARN__DUPLICATE_METHOD_MATCH = YES;
				CODE_SIGN_IDENTITY = "-";
				COPY_PHASE_STRIP = NO;
				DEBUG_INFORMATION_FORMAT = dwarf;
				ENABLE_STRICT_OBJC_MSGSEND = YES;
				ENABLE_TESTABILITY = YES;
				GCC_C_LANGUAGE_STANDARD = gnu11;
				GCC_DYNAMIC_NO_PIC = NO;
				GCC_NO_COMMON_BLOCKS = YES;
				GCC_OPTIMIZATION_LEVEL = 0;
				GCC_PREPROCESSOR_DEFINITIONS = (
					"DEBUG=1",
					"$(inherited)",
				);
				GCC_WARN_64_TO_32_BIT_CONVERSION = YES;
				GCC_WARN_ABOUT_RETURN_TYPE = YES_ERROR;
				GCC_WARN_UNDECLARED_SELECTOR = YES;
				GCC_WARN_UNINITIALIZED_AUTOS = YES_AGGRESSIVE;
				GCC_WARN_UNUSED_FUNCTION = YES;
				GCC_WARN_UNUSED_VARIABLE = YES;
				MACOSX_DEPLOYMENT_TARGET = 10.12;
				MTL_ENABLE_DEBUG_INFO = YES;
				ONLY_ACTIVE_ARCH = YES;
				SDKROOT = macosx;
			};
			name = Debug;
		};
		4C27E41B1FC83D1600A84076 /* Release */ = {
			isa = XCBuildConfiguration;
			buildSettings = {
				ALWAYS_SEARCH_USER_PATHS = NO;
				CLANG_ANALYZER_NONNULL = YES;
				CLANG_ANALYZER_NUMBER_OBJECT_CONVERSION = YES_AGGRESSIVE;
				CLANG_CXX_LANGUAGE_STANDARD = "gnu++14";
				CLANG_CXX_LIBRARY = "libc++";
				CLANG_ENABLE_MODULES = YES;
				CLANG_ENABLE_OBJC_ARC = YES;
				CLANG_WARN_BLOCK_CAPTURE_AUTORELEASING = YES;
				CLANG_WARN_BOOL_CONVERSION = YES;
				CLANG_WARN_COMMA = YES;
				CLANG_WARN_CONSTANT_CONVERSION = YES;
				CLANG_WARN_DIRECT_OBJC_ISA_USAGE = YES_ERROR;
				CLANG_WARN_DOCUMENTATION_COMMENTS = YES;
				CLANG_WARN_EMPTY_BODY = YES;
				CLANG_WARN_ENUM_CONVERSION = YES;
				CLANG_WARN_INFINITE_RECURSION = YES;
				CLANG_WARN_INT_CONVERSION = YES;
				CLANG_WARN_NON_LITERAL_NULL_CONVERSION = YES;
				CLANG_WARN_OBJC_LITERAL_CONVERSION = YES;
				CLANG_WARN_OBJC_ROOT_CLASS = YES_ERROR;
				CLANG_WARN_RANGE_LOOP_ANALYSIS = YES;
				CLANG_WARN_STRICT_PROTOTYPES = YES;
				CLANG_WARN_SUSPICIOUS_MOVE = YES;
				CLANG_WARN_UNGUARDED_AVAILABILITY = YES_AGGRESSIVE;
				CLANG_WARN_UNREACHABLE_CODE = YES;
				CLANG_WARN__DUPLICATE_METHOD_MATCH = YES;
				CODE_SIGN_IDENTITY = "-";
				COPY_PHASE_STRIP = NO;
				DEBUG_INFORMATION_FORMAT = "dwarf-with-dsym";
				ENABLE_NS_ASSERTIONS = NO;
				ENABLE_STRICT_OBJC_MSGSEND = YES;
				GCC_C_LANGUAGE_STANDARD = gnu11;
				GCC_NO_COMMON_BLOCKS = YES;
				GCC_WARN_64_TO_32_BIT_CONVERSION = YES;
				GCC_WARN_ABOUT_RETURN_TYPE = YES_ERROR;
				GCC_WARN_UNDECLARED_SELECTOR = YES;
				GCC_WARN_UNINITIALIZED_AUTOS = YES_AGGRESSIVE;
				GCC_WARN_UNUSED_FUNCTION = YES;
				GCC_WARN_UNUSED_VARIABLE = YES;
				MACOSX_DEPLOYMENT_TARGET = 10.12;
				MTL_ENABLE_DEBUG_INFO = NO;
				SDKROOT = macosx;
			};
			name = Release;
		};
		4C27E41D1FC83D1600A84076 /* Debug */ = {
			isa = XCBuildConfiguration;
			buildSettings = {
				CODE_SIGN_STYLE = Automatic;
				PRODUCT_NAME = "$(TARGET_NAME)";
			};
			name = Debug;
		};
		4C27E41E1FC83D1600A84076 /* Release */ = {
			isa = XCBuildConfiguration;
			buildSettings = {
				CODE_SIGN_STYLE = Automatic;
				PRODUCT_NAME = "$(TARGET_NAME)";
			};
			name = Release;
		};
		4CEB22BF1FD6F0AF00FD5B69 /* Debug */ = {
			isa = XCBuildConfiguration;
			buildSettings = {
				CODE_SIGN_STYLE = Automatic;
				COMBINE_HIDPI_IMAGES = YES;
				INFOPLIST_FILE = GameOfLifeTests/Info.plist;
				LD_RUNPATH_SEARCH_PATHS = "$(inherited) @executable_path/../Frameworks @loader_path/../Frameworks";
				PRODUCT_BUNDLE_IDENTIFIER = at.michaelpeternell.GameOfLifeTests;
				PRODUCT_NAME = "$(TARGET_NAME)";
			};
			name = Debug;
		};
		4CEB22C01FD6F0AF00FD5B69 /* Release */ = {
			isa = XCBuildConfiguration;
			buildSettings = {
				CODE_SIGN_STYLE = Automatic;
				COMBINE_HIDPI_IMAGES = YES;
				INFOPLIST_FILE = GameOfLifeTests/Info.plist;
				LD_RUNPATH_SEARCH_PATHS = "$(inherited) @executable_path/../Frameworks @loader_path/../Frameworks";
				PRODUCT_BUNDLE_IDENTIFIER = at.michaelpeternell.GameOfLifeTests;
				PRODUCT_NAME = "$(TARGET_NAME)";
			};
			name = Release;
		};
/* End XCBuildConfiguration section */

/* Begin XCConfigurationList section */
		4C27E4101FC83D1600A84076 /* Build configuration list for PBXProject "GameOfLife" */ = {
			isa = XCConfigurationList;
			buildConfigurations = (
				4C27E41A1FC83D1600A84076 /* Debug */,
				4C27E41B1FC83D1600A84076 /* Release */,
			);
			defaultConfigurationIsVisible = 0;
			defaultConfigurationName = Release;
		};
		4C27E41C1FC83D1600A84076 /* Build configuration list for PBXNativeTarget "GameOfLife" */ = {
			isa = XCConfigurationList;
			buildConfigurations = (
				4C27E41D1FC83D1600A84076 /* Debug */,
				4C27E41E1FC83D1600A84076 /* Release */,
			);
			defaultConfigurationIsVisible = 0;
			defaultConfigurationName = Release;
		};
		4CEB22BE1FD6F0AF00FD5B69 /* Build configuration list for PBXNativeTarget "GameOfLifeTests" */ = {
			isa = XCConfigurationList;
			buildConfigurations = (
				4CEB22BF1FD6F0AF00FD5B69 /* Debug */,
				4CEB22C01FD6F0AF00FD5B69 /* Release */,
			);
			defaultConfigurationIsVisible = 0;
			defaultConfigurationName = Release;
		};
/* End XCConfigurationList section */
	};
	rootObject = 4C27E40D1FC83D1600A84076 /* Project object */;
}
